
Microsoft Visual Studio Solution File, Format Version 12.00
# Visual Studio Version 17
VisualStudioVersion = 17.14.36414.22 d17.14
MinimumVisualStudioVersion = 10.0.40219.1
Project("{FAE04EC0-301F-11D3-BF4B-00C04F79EFBC}") = "Day05Lab - Model", "Day05Lab - Model\Day05Lab - Model.csproj", "{5F1301D3-829A-4400-A011-11384051B247}"
EndProject
Global
	GlobalSection(SolutionConfigurationPlatforms) = preSolution
		Debug|Any CPU = Debug|Any CPU
		Release|Any CPU = Release|Any CPU
	EndGlobalSection
	GlobalSection(ProjectConfigurationPlatforms) = postSolution
		{5F1301D3-829A-4400-A011-11384051B247}.Debug|Any CPU.ActiveCfg = Debug|Any CPU
		{5F1301D3-829A-4400-A011-11384051B247}.Debug|Any CPU.Build.0 = Debug|Any CPU
		{5F1301D3-829A-4400-A011-11384051B247}.Release|Any CPU.ActiveCfg = Release|Any CPU
		{5F1301D3-829A-4400-A011-11384051B247}.Release|Any CPU.Build.0 = Release|Any CPU
	EndGlobalSection
	GlobalSection(SolutionProperties) = preSolution
		HideSolutionNode = FALSE
	EndGlobalSection
	GlobalSection(ExtensibilityGlobals) = postSolution
		SolutionGuid = {EBE92F0C-6231-42AA-A528-E185BBFB549E}
	EndGlobalSection
EndGlobal
